# This file was autogenerated by Stack.
# You should not edit this file by hand.
# For more information, please see the documentation at:
#   https://docs.haskellstack.org/en/stable/lock_files

packages:
- completed:
    hackage: PortMidi-0.2.0.0@sha256:0671e36ec72e95138bf396234b205864a8a6d0ee353e09e01cbfd57004c56f40,2383
    pantry-tree:
      sha256: c9936666afc390560319024c25ecb184e2518ae4d3be5ae14081231091c1f073
      size: 1818
  original:
    hackage: PortMidi-0.2.0.0
- completed:
    hackage: xml-1.3.14@sha256:c7a33d37c968c769723931a33e4e795f0aadda6cb62e7073ded8a2db52509d95,952
    pantry-tree:
      sha256: 3be66e5958684b1a2f9cf688a32a2eac785413098afe7472717ba7c0ed3a295a
      size: 589
  original:
    hackage: xml-1.3.14
- completed:
    hackage: event-list-0.1.2@sha256:f0f35aceae52b317c25594f9ca7eb5c11288b6fe492ca1f59d953cfcbfd5c1a6,3186
    pantry-tree:
      sha256: 0b671d99afc04d92cf777658a816eb319980a658079654f7c36dae857f41264a
      size: 2327
  original:
    hackage: event-list-0.1.2
- completed:
    hackage: lens-5.2.3@sha256:637287c76adff383063b3206a4213640de1a74839ec16008cc71b5b407f7d05e,15237
    pantry-tree:
      sha256: 2a69ee338ef79da9aaa0d406f8307b11e3b8f969aa8fc28e46ca250c1f6ef40d
      size: 8351
  original:
    hackage: lens-5.2.3
snapshots:
- completed:
    sha256: 90e6fcdcf6706918ef022ab01214828c550ee637a2d50f4fe96b15742b8bced1
    size: 714102
    url: https://raw.githubusercontent.com/commercialhaskell/stackage-snapshots/master/lts/22/5.yaml
  original: lts-22.5
